
Microsoft Visual Studio Solution File, Format Version 12.00
# Visual Studio 2012
Project("{888888A0-9F3D-457C-B088-3A5042F75D52}") = "Controller_Logger", "Controller_Logger\Controller_Logger.pyproj", "{74CFDC18-68B7-4C1A-94FC-4C4DB7F4A645}"
EndProject
Global
	GlobalSection(SolutionConfigurationPlatforms) = preSolution
		Debug|Any CPU = Debug|Any CPU
		Release|Any CPU = Release|Any CPU
	EndGlobalSection
	GlobalSection(ProjectConfigurationPlatforms) = postSolution
		{74CFDC18-68B7-4C1A-94FC-4C4DB7F4A645}.Debug|Any CPU.ActiveCfg = Debug|Any CPU
		{74CFDC18-68B7-4C1A-94FC-4C4DB7F4A645}.Release|Any CPU.ActiveCfg = Release|Any CPU
	EndGlobalSection
	GlobalSection(SolutionProperties) = preSolution
		HideSolutionNode = FALSE
	EndGlobalSection
EndGlobal
